
Microsoft Visual Studio Solution File, Format Version 12.00
# Visual Studio 15
VisualStudioVersion = 15.0.28010.2041
MinimumVisualStudioVersion = 10.0.40219.1
Project("{9A19103F-16F7-4668-BE54-9A1E7A4F7556}") = "StoneCoreMVC", "StoneCoreMVC\StoneCoreMVC.csproj", "{E0F94AFE-A465-4345-9D52-35039560080A}"
EndProject
Project("{9A19103F-16F7-4668-BE54-9A1E7A4F7556}") = "BaseCoreMVC", "BaseCoreMVC\BaseCoreMVC.csproj", "{646EC191-063F-42AE-B75D-0876CD45EB34}"
EndProject
Project("{FAE04EC0-301F-11D3-BF4B-00C04F79EFBC}") = "Framework.Models", "Framework.Models\Framework.Models.csproj", "{D5CAB983-8083-4024-A05C-9B56B4AEAA62}"
EndProject
Project("{FAE04EC0-301F-11D3-BF4B-00C04F79EFBC}") = "Framework.IDAL", "Framework.IDAL\Framework.IDAL.csproj", "{FE4C6D52-9B7A-43DA-A793-2D0A553EA5ED}"
EndProject
Global
	GlobalSection(SolutionConfigurationPlatforms) = preSolution
		Debug|Any CPU = Debug|Any CPU
		Release|Any CPU = Release|Any CPU
	EndGlobalSection
	GlobalSection(ProjectConfigurationPlatforms) = postSolution
		{E0F94AFE-A465-4345-9D52-35039560080A}.Debug|Any CPU.ActiveCfg = Debug|Any CPU
		{E0F94AFE-A465-4345-9D52-35039560080A}.Debug|Any CPU.Build.0 = Debug|Any CPU
		{E0F94AFE-A465-4345-9D52-35039560080A}.Release|Any CPU.ActiveCfg = Release|Any CPU
		{E0F94AFE-A465-4345-9D52-35039560080A}.Release|Any CPU.Build.0 = Release|Any CPU
		{646EC191-063F-42AE-B75D-0876CD45EB34}.Debug|Any CPU.ActiveCfg = Debug|Any CPU
		{646EC191-063F-42AE-B75D-0876CD45EB34}.Debug|Any CPU.Build.0 = Debug|Any CPU
		{646EC191-063F-42AE-B75D-0876CD45EB34}.Release|Any CPU.ActiveCfg = Release|Any CPU
		{646EC191-063F-42AE-B75D-0876CD45EB34}.Release|Any CPU.Build.0 = Release|Any CPU
		{D5CAB983-8083-4024-A05C-9B56B4AEAA62}.Debug|Any CPU.ActiveCfg = Debug|Any CPU
		{D5CAB983-8083-4024-A05C-9B56B4AEAA62}.Debug|Any CPU.Build.0 = Debug|Any CPU
		{D5CAB983-8083-4024-A05C-9B56B4AEAA62}.Release|Any CPU.ActiveCfg = Release|Any CPU
		{D5CAB983-8083-4024-A05C-9B56B4AEAA62}.Release|Any CPU.Build.0 = Release|Any CPU
		{FE4C6D52-9B7A-43DA-A793-2D0A553EA5ED}.Debug|Any CPU.ActiveCfg = Debug|Any CPU
		{FE4C6D52-9B7A-43DA-A793-2D0A553EA5ED}.Debug|Any CPU.Build.0 = Debug|Any CPU
		{FE4C6D52-9B7A-43DA-A793-2D0A553EA5ED}.Release|Any CPU.ActiveCfg = Release|Any CPU
		{FE4C6D52-9B7A-43DA-A793-2D0A553EA5ED}.Release|Any CPU.Build.0 = Release|Any CPU
	EndGlobalSection
	GlobalSection(SolutionProperties) = preSolution
		HideSolutionNode = FALSE
	EndGlobalSection
	GlobalSection(ExtensibilityGlobals) = postSolution
		SolutionGuid = {44A86BA4-DDDF-4D76-BF76-350797E60F0D}
	EndGlobalSection
EndGlobal
